{
  "name": "lecture3fol1",
  "version": "1.0.0",
  "lockfileVersion": 3,
  "requires": true,
  "packages": {
    "": {
      "name": "lecture3fol1",
      "version": "1.0.0",
      "license": "ISC",
      "dependencies": {
        "@vanshika_126/lecture3": "^1.0.0"
      }
    },
    "node_modules/@vanshika_126/lecture3": {
      "version": "1.0.0",
      "resolved": "https://registry.npmjs.org/@vanshika_126/lecture3/-/lecture3-1.0.0.tgz",
      "integrity": "sha512-S0+5vLMQifkG/lImkdWtQoulUHukYDuhogIqJ/arwugCr1U0N5TXPoiPYS9IhKfbXxz2hdKpHGMbNvGZ3J/YVg==",
      "license": "ISC"
    }
  }
}
